
Microsoft Visual Studio Solution File, Format Version 12.00
# Visual Studio 15
VisualStudioVersion = 15.0.28307.136
MinimumVisualStudioVersion = 10.0.40219.1
Project("{9A19103F-16F7-4668-BE54-9A1E7A4F7556}") = "Financee.App", "Financee.App\Financee.App.csproj", "{1BC72C07-AE13-4364-BAC6-326A83C02FFA}"
EndProject
Project("{9A19103F-16F7-4668-BE54-9A1E7A4F7556}") = "Financee.Models", "Financee.Models\Financee.Models.csproj", "{11AF8AA9-27A1-4D19-85DC-FFEBD44A0581}"
EndProject
Project("{9A19103F-16F7-4668-BE54-9A1E7A4F7556}") = "Financee.Services", "Financee.Services\Financee.Services.csproj", "{5A6B3CBC-0F34-4986-BBF4-7DFC071494F4}"
EndProject
Project("{9A19103F-16F7-4668-BE54-9A1E7A4F7556}") = "Financee.Data", "Financee.Data\Financee.Data.csproj", "{8B5745C4-49FB-41B1-A55D-5D56B4DBEC14}"
EndProject
Project("{FAE04EC0-301F-11D3-BF4B-00C04F79EFBC}") = "Financee.Common", "Financee.Common\Financee.Common.csproj", "{96E405E8-9CD7-4A0A-81F3-07DD312100B4}"
EndProject
Global
	GlobalSection(SolutionConfigurationPlatforms) = preSolution
		Debug|Any CPU = Debug|Any CPU
		Release|Any CPU = Release|Any CPU
	EndGlobalSection
	GlobalSection(ProjectConfigurationPlatforms) = postSolution
		{1BC72C07-AE13-4364-BAC6-326A83C02FFA}.Debug|Any CPU.ActiveCfg = Debug|Any CPU
		{1BC72C07-AE13-4364-BAC6-326A83C02FFA}.Debug|Any CPU.Build.0 = Debug|Any CPU
		{1BC72C07-AE13-4364-BAC6-326A83C02FFA}.Release|Any CPU.ActiveCfg = Release|Any CPU
		{1BC72C07-AE13-4364-BAC6-326A83C02FFA}.Release|Any CPU.Build.0 = Release|Any CPU
		{11AF8AA9-27A1-4D19-85DC-FFEBD44A0581}.Debug|Any CPU.ActiveCfg = Debug|Any CPU
		{11AF8AA9-27A1-4D19-85DC-FFEBD44A0581}.Debug|Any CPU.Build.0 = Debug|Any CPU
		{11AF8AA9-27A1-4D19-85DC-FFEBD44A0581}.Release|Any CPU.ActiveCfg = Release|Any CPU
		{11AF8AA9-27A1-4D19-85DC-FFEBD44A0581}.Release|Any CPU.Build.0 = Release|Any CPU
		{5A6B3CBC-0F34-4986-BBF4-7DFC071494F4}.Debug|Any CPU.ActiveCfg = Debug|Any CPU
		{5A6B3CBC-0F34-4986-BBF4-7DFC071494F4}.Debug|Any CPU.Build.0 = Debug|Any CPU
		{5A6B3CBC-0F34-4986-BBF4-7DFC071494F4}.Release|Any CPU.ActiveCfg = Release|Any CPU
		{5A6B3CBC-0F34-4986-BBF4-7DFC071494F4}.Release|Any CPU.Build.0 = Release|Any CPU
		{8B5745C4-49FB-41B1-A55D-5D56B4DBEC14}.Debug|Any CPU.ActiveCfg = Debug|Any CPU
		{8B5745C4-49FB-41B1-A55D-5D56B4DBEC14}.Debug|Any CPU.Build.0 = Debug|Any CPU
		{8B5745C4-49FB-41B1-A55D-5D56B4DBEC14}.Release|Any CPU.ActiveCfg = Release|Any CPU
		{8B5745C4-49FB-41B1-A55D-5D56B4DBEC14}.Release|Any CPU.Build.0 = Release|Any CPU
		{96E405E8-9CD7-4A0A-81F3-07DD312100B4}.Debug|Any CPU.ActiveCfg = Debug|Any CPU
		{96E405E8-9CD7-4A0A-81F3-07DD312100B4}.Debug|Any CPU.Build.0 = Debug|Any CPU
		{96E405E8-9CD7-4A0A-81F3-07DD312100B4}.Release|Any CPU.ActiveCfg = Release|Any CPU
		{96E405E8-9CD7-4A0A-81F3-07DD312100B4}.Release|Any CPU.Build.0 = Release|Any CPU
	EndGlobalSection
	GlobalSection(SolutionProperties) = preSolution
		HideSolutionNode = FALSE
	EndGlobalSection
	GlobalSection(ExtensibilityGlobals) = postSolution
		SolutionGuid = {DC805AC1-EFD3-4988-AE2B-38E5AFC4AFA8}
	EndGlobalSection
EndGlobal
